
Microsoft Visual Studio Solution File, Format Version 12.00
# Visual Studio Version 17
VisualStudioVersion = 17.6.33712.159
MinimumVisualStudioVersion = 10.0.40219.1
Project("{F184B08F-C81C-45F6-A57F-5ABD9991F28F}") = "NestedLoop", "NestedLoop\NestedLoop.vbproj", "{E24AB6EE-1AB5-4A97-95F8-A3AF5655B131}"
EndProject
Global
	GlobalSection(SolutionConfigurationPlatforms) = preSolution
		Debug|Any CPU = Debug|Any CPU
		Release|Any CPU = Release|Any CPU
	EndGlobalSection
	GlobalSection(ProjectConfigurationPlatforms) = postSolution
		{E24AB6EE-1AB5-4A97-95F8-A3AF5655B131}.Debug|Any CPU.ActiveCfg = Debug|Any CPU
		{E24AB6EE-1AB5-4A97-95F8-A3AF5655B131}.Debug|Any CPU.Build.0 = Debug|Any CPU
		{E24AB6EE-1AB5-4A97-95F8-A3AF5655B131}.Release|Any CPU.ActiveCfg = Release|Any CPU
		{E24AB6EE-1AB5-4A97-95F8-A3AF5655B131}.Release|Any CPU.Build.0 = Release|Any CPU
	EndGlobalSection
	GlobalSection(SolutionProperties) = preSolution
		HideSolutionNode = FALSE
	EndGlobalSection
	GlobalSection(ExtensibilityGlobals) = postSolution
		SolutionGuid = {E32F31CC-B6AE-4F92-80CB-C587320A4703}
	EndGlobalSection
EndGlobal
